
Microsoft Visual Studio Solution File, Format Version 12.00
# Visual Studio 15
VisualStudioVersion = 15.0.28010.2041
MinimumVisualStudioVersion = 10.0.40219.1
Project("{FAE04EC0-301F-11D3-BF4B-00C04F79EFBC}") = "Infoblog", "Infoblog\Infoblog.csproj", "{F5D73185-DFC6-4F08-B257-0A938B65B318}"
EndProject
Global
	GlobalSection(SolutionConfigurationPlatforms) = preSolution
		Debug|Any CPU = Debug|Any CPU
		Release|Any CPU = Release|Any CPU
	EndGlobalSection
	GlobalSection(ProjectConfigurationPlatforms) = postSolution
		{F5D73185-DFC6-4F08-B257-0A938B65B318}.Debug|Any CPU.ActiveCfg = Debug|Any CPU
		{F5D73185-DFC6-4F08-B257-0A938B65B318}.Debug|Any CPU.Build.0 = Debug|Any CPU
		{F5D73185-DFC6-4F08-B257-0A938B65B318}.Release|Any CPU.ActiveCfg = Release|Any CPU
		{F5D73185-DFC6-4F08-B257-0A938B65B318}.Release|Any CPU.Build.0 = Release|Any CPU
	EndGlobalSection
	GlobalSection(SolutionProperties) = preSolution
		HideSolutionNode = FALSE
	EndGlobalSection
	GlobalSection(ExtensibilityGlobals) = postSolution
		SolutionGuid = {2AD1BC68-3EE4-48B6-92A7-1D17CC839C42}
	EndGlobalSection
EndGlobal
